
Microsoft Visual Studio Solution File, Format Version 12.00
# Visual Studio Version 17
VisualStudioVersion = 17.9.34728.123
MinimumVisualStudioVersion = 10.0.40219.1
Project("{FAE04EC0-301F-11D3-BF4B-00C04F79EFBC}") = "WebApiClient", "WebApiClient\WebApiClient.csproj", "{E16A48B4-6722-4F0A-8333-5B8B986198A2}"
EndProject
Global
	GlobalSection(SolutionConfigurationPlatforms) = preSolution
		Debug|Any CPU = Debug|Any CPU
		Release|Any CPU = Release|Any CPU
	EndGlobalSection
	GlobalSection(ProjectConfigurationPlatforms) = postSolution
		{E16A48B4-6722-4F0A-8333-5B8B986198A2}.Debug|Any CPU.ActiveCfg = Debug|Any CPU
		{E16A48B4-6722-4F0A-8333-5B8B986198A2}.Debug|Any CPU.Build.0 = Debug|Any CPU
		{E16A48B4-6722-4F0A-8333-5B8B986198A2}.Release|Any CPU.ActiveCfg = Release|Any CPU
		{E16A48B4-6722-4F0A-8333-5B8B986198A2}.Release|Any CPU.Build.0 = Release|Any CPU
	EndGlobalSection
	GlobalSection(SolutionProperties) = preSolution
		HideSolutionNode = FALSE
	EndGlobalSection
	GlobalSection(ExtensibilityGlobals) = postSolution
		SolutionGuid = {48635EEA-9C89-447B-ADE7-D87E77751D9A}
	EndGlobalSection
EndGlobal
